// !$*UTF8*$!
{
	archiveVersion = 1;
	classes = {
	};
	objectVersion = 48;
	objects = {

/* Begin PBXBuildFile section */
		98DECD361FE2CACA003F1733 /* AppDelegate.swift in Sources */ = {isa = PBXBuildFile; fileRef = 98DECD351FE2CACA003F1733 /* AppDelegate.swift */; };
		98DECD381FE2CACA003F1733 /* ViewController.swift in Sources */ = {isa = PBXBuildFile; fileRef = 98DECD371FE2CACA003F1733 /* ViewController.swift */; };
		98DECD3B1FE2CACA003F1733 /* Main.storyboard in Resources */ = {isa = PBXBuildFile; fileRef = 98DECD391FE2CACA003F1733 /* Main.storyboard */; };
		98DECD3D1FE2CACA003F1733 /* Assets.xcassets in Resources */ = {isa = PBXBuildFile; fileRef = 98DECD3C1FE2CACA003F1733 /* Assets.xcassets */; };
		98DECD401FE2CACA003F1733 /* LaunchScreen.storyboard in Resources */ = {isa = PBXBuildFile; fileRef = 98DECD3E1FE2CACA003F1733 /* LaunchScreen.storyboard */; };
/* End PBXBuildFile section */

/* Begin PBXFileReference section */
		98DECD321FE2CACA003F1733 /* AplicacionParcial_Carring.app */ = {isa = PBXFileReference; explicitFileType = wrapper.application; includeInIndex = 0; path = AplicacionParcial_Carring.app; sourceTree = BUILT_PRODUCTS_DIR; };
		98DECD351FE2CACA003F1733 /* AppDelegate.swift */ = {isa = PBXFileReference; lastKnownFileType = sourcecode.swift; path = AppDelegate.swift; sourceTree = "<group>"; };
		98DECD371FE2CACA003F1733 /* ViewController.swift */ = {isa = PBXFileReference; lastKnownFileType = sourcecode.swift; path = ViewController.swift; sourceTree = "<group>"; };
		98DECD3A1FE2CACA003F1733 /* Base */ = {isa = PBXFileReference; lastKnownFileType = file.storyboard; name = Base; path = Base.lproj/Main.storyboard; sourceTree = "<group>"; };
		98DECD3C1FE2CACA003F1733 /* Assets.xcassets */ = {isa = PBXFileReference; lastKnownFileType = folder.assetcatalog; path = Assets.xcassets; sourceTree = "<group>"; };
		98DECD3F1FE2CACA003F1733 /* Base */ = {isa = PBXFileReference; lastKnownFileType = file.storyboard; name = Base; path = Base.lproj/LaunchScreen.storyboard; sourceTree = "<group>"; };
		98DECD411FE2CACA003F1733 /* Info.plist */ = {isa = PBXFileReference; lastKnownFileType = text.plist.xml; path = Info.plist; sourceTree = "<group>"; };
/* End PBXFileReference section */

/* Begin PBXFrameworksBuildPhase section */
		98DECD2F1FE2CACA003F1733 /* Frameworks */ = {
			isa = PBXFrameworksBuildPhase;
			buildActionMask = 2147483647;
			files = (
			);
			runOnlyForDeploymentPostprocessing = 0;
		};
/* End PBXFrameworksBuildPhase section */

/* Begin PBXGroup section */
		98DECD291FE2CACA003F1733 = {
			isa = PBXGroup;
			children = (
				98DECD341FE2CACA003F1733 /* AplicacionParcial_Carring */,
				98DECD331FE2CACA003F1733 /* Products */,
			);
			sourceTree = "<group>";
		};
		98DECD331FE2CACA003F1733 /* Products */ = {
			isa = PBXGroup;
			children = (
				98DECD321FE2CACA003F1733 /* AplicacionParcial_Carring.app */,
			);
			name = Products;
			sourceTree = "<group>";
		};
		98DECD341FE2CACA003F1733 /* AplicacionParcial_Carring */ = {
			isa = PBXGroup;
			children = (
				98DECD351FE2CACA003F1733 /* AppDelegate.swift */,
				98DECD371FE2CACA003F1733 /* ViewController.swift */,
				98DECD391FE2CACA003F1733 /* Main.storyboard */,
				98DECD3C1FE2CACA003F1733 /* Assets.xcassets */,
				98DECD3E1FE2CACA003F1733 /* LaunchScreen.storyboard */,
				98DECD411FE2CACA003F1733 /* Info.plist */,
			);
			path = AplicacionParcial_Carring;
			sourceTree = "<group>";
		};
/* End PBXGroup section */

/* Begin PBXNativeTarget section */
		98DECD311FE2CACA003F1733 /* AplicacionParcial_Carring */ = {
			isa = PBXNativeTarget;
			buildConfigurationList = 98DECD441FE2CACA003F1733 /* Build configuration list for PBXNativeTarget "AplicacionParcial_Carring" */;
			buildPhases = (
				98DECD2E1FE2CACA003F1733 /* Sources */,
				98DECD2F1FE2CACA003F1733 /* Frameworks */,
				98DECD301FE2CACA003F1733 /* Resources */,
			);
			buildRules = (
			);
			dependencies = (
			);
			name = AplicacionParcial_Carring;
			productName = AplicacionParcial_Carring;
			productReference = 98DECD321FE2CACA003F1733 /* AplicacionParcial_Carring.app */;
			productType = "com.apple.product-type.application";
		};
/* End PBXNativeTarget section */

/* Begin PBXProject section */
		98DECD2A1FE2CACA003F1733 /* Project object */ = {
			isa = PBXProject;
			attributes = {
				LastSwiftUpdateCheck = 0900;
				LastUpgradeCheck = 0900;
				ORGANIZATIONNAME = spychatter;
				TargetAttributes = {
					98DECD311FE2CACA003F1733 = {
						CreatedOnToolsVersion = 9.0.1;
						ProvisioningStyle = Automatic;
					};
				};
			};
			buildConfigurationList = 98DECD2D1FE2CACA003F1733 /* Build configuration list for PBXProject "AplicacionParcial_Carring" */;
			compatibilityVersion = "Xcode 8.0";
			developmentRegion = en;
			hasScannedForEncodings = 0;
			knownRegions = (
				en,
				Base,
			);
			mainGroup = 98DECD291FE2CACA003F1733;
			productRefGroup = 98DECD331FE2CACA003F1733 /* Products */;
			projectDirPath = "";
			projectRoot = "";
			targets = (
				98DECD311FE2CACA003F1733 /* AplicacionParcial_Carring */,
			);
		};
/* End PBXProject section */

/* Begin PBXResourcesBuildPhase section */
		98DECD301FE2CACA003F1733 /* Resources */ = {
			isa = PBXResourcesBuildPhase;
			buildActionMask = 2147483647;
			files = (
				98DECD401FE2CACA003F1733 /* LaunchScreen.storyboard in Resources */,
				98DECD3D1FE2CACA003F1733 /* Assets.xcassets in Resources */,
				98DECD3B1FE2CACA003F1733 /* Main.storyboard in Resources */,
			);
			runOnlyForDeploymentPostprocessing = 0;
		};
/* End PBXResourcesBuildPhase section */

/* Begin PBXSourcesBuildPhase section */
		98DECD2E1FE2CACA003F1733 /* Sources */ = {
			isa = PBXSourcesBuildPhase;
			buildActionMask = 2147483647;
			files = (
				98DECD381FE2CACA003F1733 /* ViewController.swift in Sources */,
				98DECD361FE2CACA003F1733 /* AppDelegate.swift in Sources */,
			);
			runOnlyForDeploymentPostprocessing = 0;
		};
/* End PBXSourcesBuildPhase section */

/* Begin PBXVariantGroup section */
		98DECD391FE2CACA003F1733 /* Main.storyboard */ = {
			isa = PBXVariantGroup;
			children = (
				98DECD3A1FE2CACA003F1733 /* Base */,
			);
			name = Main.storyboard;
			sourceTree = "<group>";
		};
		98DECD3E1FE2CACA003F1733 /* LaunchScreen.storyboard */ = {
			isa = PBXVariantGroup;
			children = (
				98DECD3F1FE2CACA003F1733 /* Base */,
			);
			name = LaunchScreen.storyboard;
			sourceTree = "<group>";
		};
/* End PBXVariantGroup section */

/* Begin XCBuildConfiguration section */
		98DECD421FE2CACA003F1733 /* Debug */ = {
			isa = XCBuildConfiguration;
			buildSettings = {
				ALWAYS_SEARCH_USER_PATHS = NO;
				CLANG_ANALYZER_NONNULL = YES;
				CLANG_ANALYZER_NUMBER_OBJECT_CONVERSION = YES_AGGRESSIVE;
				CLANG_CXX_LANGUAGE_STANDARD = "gnu++14";
				CLANG_CXX_LIBRARY = "libc++";
				CLANG_ENABLE_MODULES = YES;
				CLANG_ENABLE_OBJC_ARC = YES;
				CLANG_WARN_BLOCK_CAPTURE_AUTORELEASING = YES;
				CLANG_WARN_BOOL_CONVERSION = YES;
				CLANG_WARN_COMMA = YES;
				CLANG_WARN_CONSTANT_CONVERSION = YES;
				CLANG_WARN_DIRECT_OBJC_ISA_USAGE = YES_ERROR;
				CLANG_WARN_DOCUMENTATION_COMMENTS = YES;
				CLANG_WARN_EMPTY_BODY = YES;
				CLANG_WARN_ENUM_CONVERSION = YES;
				CLANG_WARN_INFINITE_RECURSION = YES;
				CLANG_WARN_INT_CONVERSION = YES;
				CLANG_WARN_NON_LITERAL_NULL_CONVERSION = YES;
				CLANG_WARN_OBJC_LITERAL_CONVERSION = YES;
				CLANG_WARN_OBJC_ROOT_CLASS = YES_ERROR;
				CLANG_WARN_RANGE_LOOP_ANALYSIS = YES;
				CLANG_WARN_STRICT_PROTOTYPES = YES;
				CLANG_WARN_SUSPICIOUS_MOVE = YES;
				CLANG_WARN_UNGUARDED_AVAILABILITY = YES_AGGRESSIVE;
				CLANG_WARN_UNREACHABLE_CODE = YES;
				CLANG_WARN__DUPLICATE_METHOD_MATCH = YES;
				CODE_SIGN_IDENTITY = "iPhone Developer";
				COPY_PHASE_STRIP = NO;
				DEBUG_INFORMATION_FORMAT = dwarf;
				ENABLE_STRICT_OBJC_MSGSEND = YES;
				ENABLE_TESTABILITY = YES;
				GCC_C_LANGUAGE_STANDARD = gnu11;
				GCC_DYNAMIC_NO_PIC = NO;
				GCC_NO_COMMON_BLOCKS = YES;
				GCC_OPTIMIZATION_LEVEL = 0;
				GCC_PREPROCESSOR_DEFINITIONS = (
					"DEBUG=1",
					"$(inherited)",
				);
				GCC_WARN_64_TO_32_BIT_CONVERSION = YES;
				GCC_WARN_ABOUT_RETURN_TYPE = YES_ERROR;
				GCC_WARN_UNDECLARED_SELECTOR = YES;
				GCC_WARN_UNINITIALIZED_AUTOS = YES_AGGRESSIVE;
				GCC_WARN_UNUSED_FUNCTION = YES;
				GCC_WARN_UNUSED_VARIABLE = YES;
				IPHONEOS_DEPLOYMENT_TARGET = 11.0;
				MTL_ENABLE_DEBUG_INFO = YES;
				ONLY_ACTIVE_ARCH = YES;
				SDKROOT = iphoneos;
				SWIFT_ACTIVE_COMPILATION_CONDITIONS = DEBUG;
				SWIFT_OPTIMIZATION_LEVEL = "-Onone";
			};
			name = Debug;
		};
		98DECD431FE2CACA003F1733 /* Release */ = {
			isa = XCBuildConfiguration;
			buildSettings = {
				ALWAYS_SEARCH_USER_PATHS = NO;
				CLANG_ANALYZER_NONNULL = YES;
				CLANG_ANALYZER_NUMBER_OBJECT_CONVERSION = YES_AGGRESSIVE;
				CLANG_CXX_LANGUAGE_STANDARD = "gnu++14";
				CLANG_CXX_LIBRARY = "libc++";
				CLANG_ENABLE_MODULES = YES;
				CLANG_ENABLE_OBJC_ARC = YES;
				CLANG_WARN_BLOCK_CAPTURE_AUTORELEASING = YES;
				CLANG_WARN_BOOL_CONVERSION = YES;
				CLANG_WARN_COMMA = YES;
				CLANG_WARN_CONSTANT_CONVERSION = YES;
				CLANG_WARN_DIRECT_OBJC_ISA_USAGE = YES_ERROR;
				CLANG_WARN_DOCUMENTATION_COMMENTS = YES;
				CLANG_WARN_EMPTY_BODY = YES;
				CLANG_WARN_ENUM_CONVERSION = YES;
				CLANG_WARN_INFINITE_RECURSION = YES;
				CLANG_WARN_INT_CONVERSION = YES;
				CLANG_WARN_NON_LITERAL_NULL_CONVERSION = YES;
				CLANG_WARN_OBJC_LITERAL_CONVERSION = YES;
				CLANG_WARN_OBJC_ROOT_CLASS = YES_ERROR;
				CLANG_WARN_RANGE_LOOP_ANALYSIS = YES;
				CLANG_WARN_STRICT_PROTOTYPES = YES;
				CLANG_WARN_SUSPICIOUS_MOVE = YES;
				CLANG_WARN_UNGUARDED_AVAILABILITY = YES_AGGRESSIVE;
				CLANG_WARN_UNREACHABLE_CODE = YES;
				CLANG_WARN__DUPLICATE_METHOD_MATCH = YES;
				CODE_SIGN_IDENTITY = "iPhone Developer";
				COPY_PHASE_STRIP = NO;
				DEBUG_INFORMATION_FORMAT = "dwarf-with-dsym";
				ENABLE_NS_ASSERTIONS = NO;
				ENABLE_STRICT_OBJC_MSGSEND = YES;
				GCC_C_LANGUAGE_STANDARD = gnu11;
				GCC_NO_COMMON_BLOCKS = YES;
				GCC_WARN_64_TO_32_BIT_CONVERSION = YES;
				GCC_WARN_ABOUT_RETURN_TYPE = YES_ERROR;
				GCC_WARN_UNDECLARED_SELECTOR = YES;
				GCC_WARN_UNINITIALIZED_AUTOS = YES_AGGRESSIVE;
				GCC_WARN_UNUSED_FUNCTION = YES;
				GCC_WARN_UNUSED_VARIABLE = YES;
				IPHONEOS_DEPLOYMENT_TARGET = 11.0;
				MTL_ENABLE_DEBUG_INFO = NO;
				SDKROOT = iphoneos;
				SWIFT_OPTIMIZATION_LEVEL = "-Owholemodule";
				VALIDATE_PRODUCT = YES;
			};
			name = Release;
		};
		98DECD451FE2CACA003F1733 /* Debug */ = {
			isa = XCBuildConfiguration;
			buildSettings = {
				ASSETCATALOG_COMPILER_APPICON_NAME = AppIcon;
				CODE_SIGN_STYLE = Automatic;
				DEVELOPMENT_TEAM = NUT7SFZWGF;
				INFOPLIST_FILE = AplicacionParcial_Carring/Info.plist;
				LD_RUNPATH_SEARCH_PATHS = "$(inherited) @executable_path/Frameworks";
				PRODUCT_BUNDLE_IDENTIFIER = "spychatter.AplicacionParcial-Carring";
				PRODUCT_NAME = "$(TARGET_NAME)";
				SWIFT_VERSION = 4.0;
				TARGETED_DEVICE_FAMILY = "1,2";
			};
			name = Debug;
		};
		98DECD461FE2CACA003F1733 /* Release */ = {
			isa = XCBuildConfiguration;
			buildSettings = {
				ASSETCATALOG_COMPILER_APPICON_NAME = AppIcon;
				CODE_SIGN_STYLE = Automatic;
				DEVELOPMENT_TEAM = NUT7SFZWGF;
				INFOPLIST_FILE = AplicacionParcial_Carring/Info.plist;
				LD_RUNPATH_SEARCH_PATHS = "$(inherited) @executable_path/Frameworks";
				PRODUCT_BUNDLE_IDENTIFIER = "spychatter.AplicacionParcial-Carring";
				PRODUCT_NAME = "$(TARGET_NAME)";
				SWIFT_VERSION = 4.0;
				TARGETED_DEVICE_FAMILY = "1,2";
			};
			name = Release;
		};
/* End XCBuildConfiguration section */

/* Begin XCConfigurationList section */
		98DECD2D1FE2CACA003F1733 /* Build configuration list for PBXProject "AplicacionParcial_Carring" */ = {
			isa = XCConfigurationList;
			buildConfigurations = (
				98DECD421FE2CACA003F1733 /* Debug */,
				98DECD431FE2CACA003F1733 /* Release */,
			);
			defaultConfigurationIsVisible = 0;
			defaultConfigurationName = Release;
		};
		98DECD441FE2CACA003F1733 /* Build configuration list for PBXNativeTarget "AplicacionParcial_Carring" */ = {
			isa = XCConfigurationList;
			buildConfigurations = (
				98DECD451FE2CACA003F1733 /* Debug */,
				98DECD461FE2CACA003F1733 /* Release */,
			);
			defaultConfigurationIsVisible = 0;
			defaultConfigurationName = Release;
		};
/* End XCConfigurationList section */
	};
	rootObject = 98DECD2A1FE2CACA003F1733 /* Project object */;
}
